
Microsoft Visual Studio Solution File, Format Version 12.00
# Visual Studio Version 16
VisualStudioVersion = 16.0.30717.126
MinimumVisualStudioVersion = 10.0.40219.1
Project("{FAE04EC0-301F-11D3-BF4B-00C04F79EFBC}") = "CSAnalyzer", "CSAnalyzer\CSAnalyzer.csproj", "{4A319801-C607-4240-9E5F-02EC5B1C74CF}"
EndProject
Global
	GlobalSection(SolutionConfigurationPlatforms) = preSolution
		Debug|Any CPU = Debug|Any CPU
		Release|Any CPU = Release|Any CPU
	EndGlobalSection
	GlobalSection(ProjectConfigurationPlatforms) = postSolution
		{4A319801-C607-4240-9E5F-02EC5B1C74CF}.Debug|Any CPU.ActiveCfg = Debug|Any CPU
		{4A319801-C607-4240-9E5F-02EC5B1C74CF}.Debug|Any CPU.Build.0 = Debug|Any CPU
		{4A319801-C607-4240-9E5F-02EC5B1C74CF}.Release|Any CPU.ActiveCfg = Release|Any CPU
		{4A319801-C607-4240-9E5F-02EC5B1C74CF}.Release|Any CPU.Build.0 = Release|Any CPU
	EndGlobalSection
	GlobalSection(SolutionProperties) = preSolution
		HideSolutionNode = FALSE
	EndGlobalSection
	GlobalSection(ExtensibilityGlobals) = postSolution
		SolutionGuid = {B06546B7-C97D-4C07-B751-C87EE00D79F9}
	EndGlobalSection
EndGlobal
